<?xml version="1.0" encoding="utf-8"?>
<Project ToolsVersion="4.0" xmlns="http://schemas.microsoft.com/developer/msbuild/2003">
  <ItemGroup>
    <Filter Include="Source Files">
      <UniqueIdentifier>{4FC737F1-C7A5-4376-A066-2A32D752A2FF}</UniqueIdentifier>
      <Extensions>cpp;c;cc;cxx;def;odl;idl;hpj;bat;asm;asmx</Extensions>
    </Filter>
    <Filter Include="Header Files">
      <UniqueIdentifier>{93995380-89BD-4b04-88EB-625FBE52EBFB}</UniqueIdentifier>
      <Extensions>h;hh;hpp;hxx;hm;inl;inc;xsd</Extensions>
    </Filter>
    <Filter Include="Resources">
      <UniqueIdentifier>{dcd919ac-c982-491c-b277-fede3644045a}</UniqueIdentifier>
    </Filter>
    <Filter Include="Source Files\Days">
      <UniqueIdentifier>{22c01a18-0718-45f8-8351-972271a8bdbe}</UniqueIdentifier>
    </Filter>
    <Filter Include="Header Files\Days">
      <UniqueIdentifier>{5cbf7bf3-290f-4e6d-a311-9a4e4a15b353}</UniqueIdentifier>
    </Filter>
    <Filter Include="Source Files\Utils">
      <UniqueIdentifier>{e86593ee-ced9-4435-92cb-6b98f47f2336}</UniqueIdentifier>
    </Filter>
    <Filter Include="Header Files\Utils">
      <UniqueIdentifier>{f0020bd3-2bb0-403f-a239-21522dbbd1b1}</UniqueIdentifier>
    </Filter>
  </ItemGroup>
  <ItemGroup>
    <Text Include="ReadMe.txt" />
    <Text Include="Resources\Day_06.txt">
      <Filter>Resources</Filter>
    </Text>
    <Text Include="Resources\Day_05.txt">
      <Filter>Resources</Filter>
    </Text>
    <Text Include="Resources\Day_03.txt">
      <Filter>Resources</Filter>
    </Text>
    <Text Include="Resources\Day_02.txt">
      <Filter>Resources</Filter>
    </Text>
    <Text Include="Resources\Day_07.txt" />
    <Text Include="Resources\Day_08.txt" />
    <Text Include="Resources\Day_12.txt" />
    <Text Include="Resources\Day_13.txt" />
  </ItemGroup>
  <ItemGroup>
    <ClInclude Include="Day\Day.h">
      <Filter>Header Files\Days</Filter>
    </ClInclude>
    <ClInclude Include="Day\Day_01.h">
      <Filter>Header Files\Days</Filter>
    </ClInclude>
    <ClInclude Include="Day\Day_02.h">
      <Filter>Header Files\Days</Filter>
    </ClInclude>
    <ClInclude Include="Day\Day_03.h">
      <Filter>Header Files\Days</Filter>
    </ClInclude>
    <ClInclude Include="Day\Day_04.h">
      <Filter>Header Files\Days</Filter>
    </ClInclude>
    <ClInclude Include="Day\Day_05.h">
      <Filter>Header Files\Days</Filter>
    </ClInclude>
    <ClInclude Include="Utils\md5.h">
      <Filter>Header Files\Utils</Filter>
    </ClInclude>
    <ClInclude Include="Day\Day_06.h">
      <Filter>Header Files</Filter>
    </ClInclude>
    <ClInclude Include="Std\resource.h">
      <Filter>Header Files</Filter>
    </ClInclude>
    <ClInclude Include="Std\stdafx.h">
      <Filter>Header Files</Filter>
    </ClInclude>
    <ClInclude Include="Std\targetver.h">
      <Filter>Header Files</Filter>
    </ClInclude>
    <ClInclude Include="Day\Day_07.h">
      <Filter>Header Files</Filter>
    </ClInclude>
  </ItemGroup>
  <ItemGroup>
    <ClCompile Include="Advent2015.cpp">
      <Filter>Source Files</Filter>
    </ClCompile>
    <ClCompile Include="Day\Day.cpp">
      <Filter>Source Files\Days</Filter>
    </ClCompile>
    <ClCompile Include="Day\Day_01.cpp">
      <Filter>Source Files\Days</Filter>
    </ClCompile>
    <ClCompile Include="Day\Day_02.cpp">
      <Filter>Source Files\Days</Filter>
    </ClCompile>
    <ClCompile Include="Day\Day_03.cpp">
      <Filter>Source Files\Days</Filter>
    </ClCompile>
    <ClCompile Include="Day\Day_04.cpp">
      <Filter>Source Files\Days</Filter>
    </ClCompile>
    <ClCompile Include="Day\Day_05.cpp">
      <Filter>Source Files\Days</Filter>
    </ClCompile>
    <ClCompile Include="Utils\md5.cpp">
      <Filter>Source Files\Utils</Filter>
    </ClCompile>
    <ClCompile Include="Day\Day_06.cpp">
      <Filter>Source Files</Filter>
    </ClCompile>
    <ClCompile Include="Std\stdafx.cpp">
      <Filter>Source Files</Filter>
    </ClCompile>
    <ClCompile Include="Day\Day_07.cpp">
      <Filter>Source Files</Filter>
    </ClCompile>
    <ClCompile Include="Utils\Split.h">
      <Filter>Source Files</Filter>
    </ClCompile>
  </ItemGroup>
  <ItemGroup>
    <ResourceCompile Include="Std\Advent2015.rc" />
  </ItemGroup>
  <ItemGroup>
    <None Include="Day\Day07\d7 (2).py" />
    <None Include="Day\Day07\d7.py" />
    <None Include="Day\Day08\d8 (2).py" />
    <None Include="Day\Day08\d8.py" />
    <None Include="Day\Day10\d10.py" />
    <None Include="Day\Day11\d11.py" />
    <None Include="Day\Day08\d8 (3).py" />
    <None Include="Day\Day25\d25.py" />
    <None Include="Day\Day12\d12.py" />
    <None Include="Day\Day13\d13.py" />
    <None Include="Day\Day13\D13.xlsx" />
    <None Include="Day\Day14\d14.py" />
    <None Include="Day\Day15\d15.py" />
    <None Include="Day\Day16\d16.py" />
    <None Include="Day\Day17\d17.py" />
    <None Include="Day\Day18\d18.py" />
    <None Include="Day\Day19\d19 (0).py" />
    <None Include="Day\Day19\d19.py" />
    <None Include="Day\Day20\d20.py" />
    <None Include="Day\Day21\d21.py" />
    <None Include="Day\Day22\d22.py" />
    <None Include="Day\Day23\d23.py" />
    <None Include="Day\Day24\d24.py" />
    <None Include="Day\Day09\d9.py" />
    <None Include="Day\Day10\d10(2).py" />
  </ItemGroup>
  <ItemGroup>
    <Image Include="Day\Day08\d8.bmp" />
  </ItemGroup>
</Project>